// !$*UTF8*$!
{
	archiveVersion = 1;
	classes = {
	};
	objectVersion = 46;
	objects = {

/* Begin PBXBuildFile section */
		83BAECAC1F9840E1005CCB73 /* AppDelegate.swift in Sources */ = {isa = PBXBuildFile; fileRef = 83BAECAB1F9840E1005CCB73 /* AppDelegate.swift */; };
		83BAECAE1F9840E1005CCB73 /* ViewController.swift in Sources */ = {isa = PBXBuildFile; fileRef = 83BAECAD1F9840E1005CCB73 /* ViewController.swift */; };
		83BAECB11F9840E1005CCB73 /* Main.storyboard in Resources */ = {isa = PBXBuildFile; fileRef = 83BAECAF1F9840E1005CCB73 /* Main.storyboard */; };
		83BAECB31F9840E1005CCB73 /* Assets.xcassets in Resources */ = {isa = PBXBuildFile; fileRef = 83BAECB21F9840E1005CCB73 /* Assets.xcassets */; };
		83BAECB61F9840E1005CCB73 /* LaunchScreen.storyboard in Resources */ = {isa = PBXBuildFile; fileRef = 83BAECB41F9840E1005CCB73 /* LaunchScreen.storyboard */; };
/* End PBXBuildFile section */

/* Begin PBXFileReference section */
		83BAECA81F9840E1005CCB73 /* Stackoverflow_Storyboard_19Oct2017.app */ = {isa = PBXFileReference; explicitFileType = wrapper.application; includeInIndex = 0; path = Stackoverflow_Storyboard_19Oct2017.app; sourceTree = BUILT_PRODUCTS_DIR; };
		83BAECAB1F9840E1005CCB73 /* AppDelegate.swift */ = {isa = PBXFileReference; lastKnownFileType = sourcecode.swift; path = AppDelegate.swift; sourceTree = "<group>"; };
		83BAECAD1F9840E1005CCB73 /* ViewController.swift */ = {isa = PBXFileReference; lastKnownFileType = sourcecode.swift; path = ViewController.swift; sourceTree = "<group>"; };
		83BAECB01F9840E1005CCB73 /* Base */ = {isa = PBXFileReference; lastKnownFileType = file.storyboard; name = Base; path = Base.lproj/Main.storyboard; sourceTree = "<group>"; };
		83BAECB21F9840E1005CCB73 /* Assets.xcassets */ = {isa = PBXFileReference; lastKnownFileType = folder.assetcatalog; path = Assets.xcassets; sourceTree = "<group>"; };
		83BAECB51F9840E1005CCB73 /* Base */ = {isa = PBXFileReference; lastKnownFileType = file.storyboard; name = Base; path = Base.lproj/LaunchScreen.storyboard; sourceTree = "<group>"; };
		83BAECB71F9840E1005CCB73 /* Info.plist */ = {isa = PBXFileReference; lastKnownFileType = text.plist.xml; path = Info.plist; sourceTree = "<group>"; };
/* End PBXFileReference section */

/* Begin PBXFrameworksBuildPhase section */
		83BAECA51F9840E1005CCB73 /* Frameworks */ = {
			isa = PBXFrameworksBuildPhase;
			buildActionMask = 2147483647;
			files = (
			);
			runOnlyForDeploymentPostprocessing = 0;
		};
/* End PBXFrameworksBuildPhase section */

/* Begin PBXGroup section */
		83BAEC9F1F9840E1005CCB73 = {
			isa = PBXGroup;
			children = (
				83BAECAA1F9840E1005CCB73 /* Stackoverflow_Storyboard_19Oct2017 */,
				83BAECA91F9840E1005CCB73 /* Products */,
			);
			sourceTree = "<group>";
		};
		83BAECA91F9840E1005CCB73 /* Products */ = {
			isa = PBXGroup;
			children = (
				83BAECA81F9840E1005CCB73 /* Stackoverflow_Storyboard_19Oct2017.app */,
			);
			name = Products;
			sourceTree = "<group>";
		};
		83BAECAA1F9840E1005CCB73 /* Stackoverflow_Storyboard_19Oct2017 */ = {
			isa = PBXGroup;
			children = (
				83BAECAB1F9840E1005CCB73 /* AppDelegate.swift */,
				83BAECAD1F9840E1005CCB73 /* ViewController.swift */,
				83BAECAF1F9840E1005CCB73 /* Main.storyboard */,
				83BAECB21F9840E1005CCB73 /* Assets.xcassets */,
				83BAECB41F9840E1005CCB73 /* LaunchScreen.storyboard */,
				83BAECB71F9840E1005CCB73 /* Info.plist */,
			);
			path = Stackoverflow_Storyboard_19Oct2017;
			sourceTree = "<group>";
		};
/* End PBXGroup section */

/* Begin PBXNativeTarget section */
		83BAECA71F9840E1005CCB73 /* Stackoverflow_Storyboard_19Oct2017 */ = {
			isa = PBXNativeTarget;
			buildConfigurationList = 83BAECBA1F9840E1005CCB73 /* Build configuration list for PBXNativeTarget "Stackoverflow_Storyboard_19Oct2017" */;
			buildPhases = (
				83BAECA41F9840E1005CCB73 /* Sources */,
				83BAECA51F9840E1005CCB73 /* Frameworks */,
				83BAECA61F9840E1005CCB73 /* Resources */,
			);
			buildRules = (
			);
			dependencies = (
			);
			name = Stackoverflow_Storyboard_19Oct2017;
			productName = Stackoverflow_Storyboard_19Oct2017;
			productReference = 83BAECA81F9840E1005CCB73 /* Stackoverflow_Storyboard_19Oct2017.app */;
			productType = "com.apple.product-type.application";
		};
/* End PBXNativeTarget section */

/* Begin PBXProject section */
		83BAECA01F9840E1005CCB73 /* Project object */ = {
			isa = PBXProject;
			attributes = {
				LastSwiftUpdateCheck = 0830;
				LastUpgradeCheck = 0830;
				ORGANIZATIONNAME = "Nikhil Pandey";
				TargetAttributes = {
					83BAECA71F9840E1005CCB73 = {
						CreatedOnToolsVersion = 8.3.3;
						DevelopmentTeam = 747AV8Z97J;
						ProvisioningStyle = Automatic;
					};
				};
			};
			buildConfigurationList = 83BAECA31F9840E1005CCB73 /* Build configuration list for PBXProject "Stackoverflow_Storyboard_19Oct2017" */;
			compatibilityVersion = "Xcode 3.2";
			developmentRegion = English;
			hasScannedForEncodings = 0;
			knownRegions = (
				en,
				Base,
			);
			mainGroup = 83BAEC9F1F9840E1005CCB73;
			productRefGroup = 83BAECA91F9840E1005CCB73 /* Products */;
			projectDirPath = "";
			projectRoot = "";
			targets = (
				83BAECA71F9840E1005CCB73 /* Stackoverflow_Storyboard_19Oct2017 */,
			);
		};
/* End PBXProject section */

/* Begin PBXResourcesBuildPhase section */
		83BAECA61F9840E1005CCB73 /* Resources */ = {
			isa = PBXResourcesBuildPhase;
			buildActionMask = 2147483647;
			files = (
				83BAECB61F9840E1005CCB73 /* LaunchScreen.storyboard in Resources */,
				83BAECB31F9840E1005CCB73 /* Assets.xcassets in Resources */,
				83BAECB11F9840E1005CCB73 /* Main.storyboard in Resources */,
			);
			runOnlyForDeploymentPostprocessing = 0;
		};
/* End PBXResourcesBuildPhase section */

/* Begin PBXSourcesBuildPhase section */
		83BAECA41F9840E1005CCB73 /* Sources */ = {
			isa = PBXSourcesBuildPhase;
			buildActionMask = 2147483647;
			files = (
				83BAECAE1F9840E1005CCB73 /* ViewController.swift in Sources */,
				83BAECAC1F9840E1005CCB73 /* AppDelegate.swift in Sources */,
			);
			runOnlyForDeploymentPostprocessing = 0;
		};
/* End PBXSourcesBuildPhase section */

/* Begin PBXVariantGroup section */
		83BAECAF1F9840E1005CCB73 /* Main.storyboard */ = {
			isa = PBXVariantGroup;
			children = (
				83BAECB01F9840E1005CCB73 /* Base */,
			);
			name = Main.storyboard;
			sourceTree = "<group>";
		};
		83BAECB41F9840E1005CCB73 /* LaunchScreen.storyboard */ = {
			isa = PBXVariantGroup;
			children = (
				83BAECB51F9840E1005CCB73 /* Base */,
			);
			name = LaunchScreen.storyboard;
			sourceTree = "<group>";
		};
/* End PBXVariantGroup section */

/* Begin XCBuildConfiguration section */
		83BAECB81F9840E1005CCB73 /* Debug */ = {
			isa = XCBuildConfiguration;
			buildSettings = {
				ALWAYS_SEARCH_USER_PATHS = NO;
				CLANG_ANALYZER_NONNULL = YES;
				CLANG_ANALYZER_NUMBER_OBJECT_CONVERSION = YES_AGGRESSIVE;
				CLANG_CXX_LANGUAGE_STANDARD = "gnu++0x";
				CLANG_CXX_LIBRARY = "libc++";
				CLANG_ENABLE_MODULES = YES;
				CLANG_ENABLE_OBJC_ARC = YES;
				CLANG_WARN_BOOL_CONVERSION = YES;
				CLANG_WARN_CONSTANT_CONVERSION = YES;
				CLANG_WARN_DIRECT_OBJC_ISA_USAGE = YES_ERROR;
				CLANG_WARN_DOCUMENTATION_COMMENTS = YES;
				CLANG_WARN_EMPTY_BODY = YES;
				CLANG_WARN_ENUM_CONVERSION = YES;
				CLANG_WARN_INFINITE_RECURSION = YES;
				CLANG_WARN_INT_CONVERSION = YES;
				CLANG_WARN_OBJC_ROOT_CLASS = YES_ERROR;
				CLANG_WARN_SUSPICIOUS_MOVE = YES;
				CLANG_WARN_UNREACHABLE_CODE = YES;
				CLANG_WARN__DUPLICATE_METHOD_MATCH = YES;
				"CODE_SIGN_IDENTITY[sdk=iphoneos*]" = "iPhone Developer";
				COPY_PHASE_STRIP = NO;
				DEBUG_INFORMATION_FORMAT = dwarf;
				ENABLE_STRICT_OBJC_MSGSEND = YES;
				ENABLE_TESTABILITY = YES;
				GCC_C_LANGUAGE_STANDARD = gnu99;
				GCC_DYNAMIC_NO_PIC = NO;
				GCC_NO_COMMON_BLOCKS = YES;
				GCC_OPTIMIZATION_LEVEL = 0;
				GCC_PREPROCESSOR_DEFINITIONS = (
					"DEBUG=1",
					"$(inherited)",
				);
				GCC_WARN_64_TO_32_BIT_CONVERSION = YES;
				GCC_WARN_ABOUT_RETURN_TYPE = YES_ERROR;
				GCC_WARN_UNDECLARED_SELECTOR = YES;
				GCC_WARN_UNINITIALIZED_AUTOS = YES_AGGRESSIVE;
				GCC_WARN_UNUSED_FUNCTION = YES;
				GCC_WARN_UNUSED_VARIABLE = YES;
				IPHONEOS_DEPLOYMENT_TARGET = 10.3;
				MTL_ENABLE_DEBUG_INFO = YES;
				ONLY_ACTIVE_ARCH = YES;
				SDKROOT = iphoneos;
				SWIFT_ACTIVE_COMPILATION_CONDITIONS = DEBUG;
				SWIFT_OPTIMIZATION_LEVEL = "-Onone";
				TARGETED_DEVICE_FAMILY = "1,2";
			};
			name = Debug;
		};
		83BAECB91F9840E1005CCB73 /* Release */ = {
			isa = XCBuildConfiguration;
			buildSettings = {
				ALWAYS_SEARCH_USER_PATHS = NO;
				CLANG_ANALYZER_NONNULL = YES;
				CLANG_ANALYZER_NUMBER_OBJECT_CONVERSION = YES_AGGRESSIVE;
				CLANG_CXX_LANGUAGE_STANDARD = "gnu++0x";
				CLANG_CXX_LIBRARY = "libc++";
				CLANG_ENABLE_MODULES = YES;
				CLANG_ENABLE_OBJC_ARC = YES;
				CLANG_WARN_BOOL_CONVERSION = YES;
				CLANG_WARN_CONSTANT_CONVERSION = YES;
				CLANG_WARN_DIRECT_OBJC_ISA_USAGE = YES_ERROR;
				CLANG_WARN_DOCUMENTATION_COMMENTS = YES;
				CLANG_WARN_EMPTY_BODY = YES;
				CLANG_WARN_ENUM_CONVERSION = YES;
				CLANG_WARN_INFINITE_RECURSION = YES;
				CLANG_WARN_INT_CONVERSION = YES;
				CLANG_WARN_OBJC_ROOT_CLASS = YES_ERROR;
				CLANG_WARN_SUSPICIOUS_MOVE = YES;
				CLANG_WARN_UNREACHABLE_CODE = YES;
				CLANG_WARN__DUPLICATE_METHOD_MATCH = YES;
				"CODE_SIGN_IDENTITY[sdk=iphoneos*]" = "iPhone Developer";
				COPY_PHASE_STRIP = NO;
				DEBUG_INFORMATION_FORMAT = "dwarf-with-dsym";
				ENABLE_NS_ASSERTIONS = NO;
				ENABLE_STRICT_OBJC_MSGSEND = YES;
				GCC_C_LANGUAGE_STANDARD = gnu99;
				GCC_NO_COMMON_BLOCKS = YES;
				GCC_WARN_64_TO_32_BIT_CONVERSION = YES;
				GCC_WARN_ABOUT_RETURN_TYPE = YES_ERROR;
				GCC_WARN_UNDECLARED_SELECTOR = YES;
				GCC_WARN_UNINITIALIZED_AUTOS = YES_AGGRESSIVE;
				GCC_WARN_UNUSED_FUNCTION = YES;
				GCC_WARN_UNUSED_VARIABLE = YES;
				IPHONEOS_DEPLOYMENT_TARGET = 10.3;
				MTL_ENABLE_DEBUG_INFO = NO;
				SDKROOT = iphoneos;
				SWIFT_OPTIMIZATION_LEVEL = "-Owholemodule";
				TARGETED_DEVICE_FAMILY = "1,2";
				VALIDATE_PRODUCT = YES;
			};
			name = Release;
		};
		83BAECBB1F9840E1005CCB73 /* Debug */ = {
			isa = XCBuildConfiguration;
			buildSettings = {
				ASSETCATALOG_COMPILER_APPICON_NAME = AppIcon;
				DEVELOPMENT_TEAM = 747AV8Z97J;
				INFOPLIST_FILE = Stackoverflow_Storyboard_19Oct2017/Info.plist;
				LD_RUNPATH_SEARCH_PATHS = "$(inherited) @executable_path/Frameworks";
				PRODUCT_BUNDLE_IDENTIFIER = "io.cerebralgamma.Stackoverflow-Storyboard-19Oct2017";
				PRODUCT_NAME = "$(TARGET_NAME)";
				SWIFT_VERSION = 3.0;
			};
			name = Debug;
		};
		83BAECBC1F9840E1005CCB73 /* Release */ = {
			isa = XCBuildConfiguration;
			buildSettings = {
				ASSETCATALOG_COMPILER_APPICON_NAME = AppIcon;
				DEVELOPMENT_TEAM = 747AV8Z97J;
				INFOPLIST_FILE = Stackoverflow_Storyboard_19Oct2017/Info.plist;
				LD_RUNPATH_SEARCH_PATHS = "$(inherited) @executable_path/Frameworks";
				PRODUCT_BUNDLE_IDENTIFIER = "io.cerebralgamma.Stackoverflow-Storyboard-19Oct2017";
				PRODUCT_NAME = "$(TARGET_NAME)";
				SWIFT_VERSION = 3.0;
			};
			name = Release;
		};
/* End XCBuildConfiguration section */

/* Begin XCConfigurationList section */
		83BAECA31F9840E1005CCB73 /* Build configuration list for PBXProject "Stackoverflow_Storyboard_19Oct2017" */ = {
			isa = XCConfigurationList;
			buildConfigurations = (
				83BAECB81F9840E1005CCB73 /* Debug */,
				83BAECB91F9840E1005CCB73 /* Release */,
			);
			defaultConfigurationIsVisible = 0;
			defaultConfigurationName = Release;
		};
		83BAECBA1F9840E1005CCB73 /* Build configuration list for PBXNativeTarget "Stackoverflow_Storyboard_19Oct2017" */ = {
			isa = XCConfigurationList;
			buildConfigurations = (
				83BAECBB1F9840E1005CCB73 /* Debug */,
				83BAECBC1F9840E1005CCB73 /* Release */,
			);
			defaultConfigurationIsVisible = 0;
		};
/* End XCConfigurationList section */
	};
	rootObject = 83BAECA01F9840E1005CCB73 /* Project object */;
}
